
Microsoft Visual Studio Solution File, Format Version 12.00
# Visual Studio 15
Project("{FAE04EC0-301F-11D3-BF4B-00C04F79EFBC}") = "Assembly-CSharp", "Assembly-CSharp.csproj", "{C70E352A-28D1-C8B3-7F19-0FBB3C6F4456}"
EndProject
Project("{FAE04EC0-301F-11D3-BF4B-00C04F79EFBC}") = "Assembly-CSharp-Editor", "Assembly-CSharp-Editor.csproj", "{BFC20418-8263-7DD2-1E97-72FB9820E310}"
EndProject
Global
	GlobalSection(SolutionConfigurationPlatforms) = preSolution
		Debug|Any CPU = Debug|Any CPU
		Release|Any CPU = Release|Any CPU
	EndGlobalSection
	GlobalSection(ProjectConfigurationPlatforms) = postSolution
		{C70E352A-28D1-C8B3-7F19-0FBB3C6F4456}.Debug|Any CPU.ActiveCfg = Debug|Any CPU
		{C70E352A-28D1-C8B3-7F19-0FBB3C6F4456}.Debug|Any CPU.Build.0 = Debug|Any CPU
		{C70E352A-28D1-C8B3-7F19-0FBB3C6F4456}.Release|Any CPU.ActiveCfg = Release|Any CPU
		{C70E352A-28D1-C8B3-7F19-0FBB3C6F4456}.Release|Any CPU.Build.0 = Release|Any CPU
		{BFC20418-8263-7DD2-1E97-72FB9820E310}.Debug|Any CPU.ActiveCfg = Debug|Any CPU
		{BFC20418-8263-7DD2-1E97-72FB9820E310}.Debug|Any CPU.Build.0 = Debug|Any CPU
		{BFC20418-8263-7DD2-1E97-72FB9820E310}.Release|Any CPU.ActiveCfg = Release|Any CPU
		{BFC20418-8263-7DD2-1E97-72FB9820E310}.Release|Any CPU.Build.0 = Release|Any CPU
	EndGlobalSection
	GlobalSection(SolutionProperties) = preSolution
		HideSolutionNode = FALSE
	EndGlobalSection
EndGlobal
